
Microsoft Visual Studio Solution File, Format Version 12.00
# Visual Studio Version 17
VisualStudioVersion = 17.7.33927.210
MinimumVisualStudioVersion = 10.0.40219.1
Project("{9A19103F-16F7-4668-BE54-9A1E7A4F7556}") = "AuthorizationService", "AuthorizationService\AuthorizationService.csproj", "{D55B3C5F-7807-4E87-8E7C-BFF09F6B24C3}"
EndProject
Project("{FAE04EC0-301F-11D3-BF4B-00C04F79EFBC}") = "CoreService", "CoreService\CoreService.csproj", "{FAB9A87F-39DE-4240-8403-6BCAEEC45874}"
EndProject
Project("{2150E333-8FDC-42A3-9474-1A3956D46DE8}") = "Solution Items", "Solution Items", "{85572D9E-690A-4B21-A269-189DDCE44890}"
	ProjectSection(SolutionItems) = preProject
		docker-compose.yml = docker-compose.yml
	EndProjectSection
EndProject
Global
	GlobalSection(SolutionConfigurationPlatforms) = preSolution
		Debug|Any CPU = Debug|Any CPU
		Release|Any CPU = Release|Any CPU
	EndGlobalSection
	GlobalSection(ProjectConfigurationPlatforms) = postSolution
		{D55B3C5F-7807-4E87-8E7C-BFF09F6B24C3}.Debug|Any CPU.ActiveCfg = Debug|Any CPU
		{D55B3C5F-7807-4E87-8E7C-BFF09F6B24C3}.Debug|Any CPU.Build.0 = Debug|Any CPU
		{D55B3C5F-7807-4E87-8E7C-BFF09F6B24C3}.Release|Any CPU.ActiveCfg = Release|Any CPU
		{D55B3C5F-7807-4E87-8E7C-BFF09F6B24C3}.Release|Any CPU.Build.0 = Release|Any CPU
		{FAB9A87F-39DE-4240-8403-6BCAEEC45874}.Debug|Any CPU.ActiveCfg = Debug|Any CPU
		{FAB9A87F-39DE-4240-8403-6BCAEEC45874}.Debug|Any CPU.Build.0 = Debug|Any CPU
		{FAB9A87F-39DE-4240-8403-6BCAEEC45874}.Release|Any CPU.ActiveCfg = Release|Any CPU
		{FAB9A87F-39DE-4240-8403-6BCAEEC45874}.Release|Any CPU.Build.0 = Release|Any CPU
	EndGlobalSection
	GlobalSection(SolutionProperties) = preSolution
		HideSolutionNode = FALSE
	EndGlobalSection
	GlobalSection(ExtensibilityGlobals) = postSolution
		SolutionGuid = {C5E85C81-CB82-4B24-A20A-0C3BCC05A26F}
	EndGlobalSection
EndGlobal
